
Microsoft Visual Studio Solution File, Format Version 12.00
# Visual Studio 14
VisualStudioVersion = 14.0.25420.1
MinimumVisualStudioVersion = 10.0.40219.1
Project("{FAE04EC0-301F-11D3-BF4B-00C04F79EFBC}") = "LightPi.OrchestratorFirmware", "LightPi.OrchestratorFirmware\LightPi.OrchestratorFirmware.csproj", "{15D0A4B8-2B93-49F1-910B-556A9760B2F5}"
EndProject
Project("{FAE04EC0-301F-11D3-BF4B-00C04F79EFBC}") = "LightPi.Midi2OrchestratorBridge", "LightPi.Midi2OrchestratorBridge\LightPi.Midi2OrchestratorBridge.csproj", "{F994E901-2201-48D1-9EDB-7D1D41B417A3}"
EndProject
Project("{FAE04EC0-301F-11D3-BF4B-00C04F79EFBC}") = "LightPi.OrchestratorEmulator", "LightPi.OrchestratorEmulator\LightPi.OrchestratorEmulator.csproj", "{C10687D6-DBFC-4043-9E01-F9A27EE60A16}"
EndProject
Project("{FAE04EC0-301F-11D3-BF4B-00C04F79EFBC}") = "LightPi.Orchestrator", "LightPi.Orchestrator\LightPi.Orchestrator.csproj", "{3BAECD45-3461-467E-8308-C8368FCE5366}"
EndProject
Project("{FAE04EC0-301F-11D3-BF4B-00C04F79EFBC}") = "LightPi.Protocol", "LightPi.Protocol\LightPi.Protocol.csproj", "{B77DB4EB-5B81-4596-A5F1-07424306752A}"
EndProject
Project("{FAE04EC0-301F-11D3-BF4B-00C04F79EFBC}") = "LightPi.Protocol.Tests", "LightPi.Protocol.Tests\LightPi.Protocol.Tests.csproj", "{6E21D5AF-3995-4F03-93F9-1B729C0842DD}"
EndProject
Project("{FAE04EC0-301F-11D3-BF4B-00C04F79EFBC}") = "LightPi.Orchestrator.Tests", "LightPi.Orchestrator.Tests\LightPi.Orchestrator.Tests.csproj", "{50A98DDC-0363-49AA-A667-91AFB17AD236}"
EndProject
Project("{FAE04EC0-301F-11D3-BF4B-00C04F79EFBC}") = "LightPi.Midi2OrchestratorBridgeApp", "LightPi.Midi2OrchestratorBridgeApp\LightPi.Midi2OrchestratorBridgeApp.csproj", "{307CA624-096D-4184-9D21-E83BDCD98D27}"
EndProject
Project("{FAE04EC0-301F-11D3-BF4B-00C04F79EFBC}") = "LightPi.Styles", "LightPi.Styles\LightPi.Styles.csproj", "{649BFE9E-DE0A-4B08-B19F-FCB00F73B7D8}"
EndProject
Global
	GlobalSection(SolutionConfigurationPlatforms) = preSolution
		Debug|Any CPU = Debug|Any CPU
		Debug|ARM = Debug|ARM
		Debug|x64 = Debug|x64
		Debug|x86 = Debug|x86
		Release|Any CPU = Release|Any CPU
		Release|ARM = Release|ARM
		Release|x64 = Release|x64
		Release|x86 = Release|x86
	EndGlobalSection
	GlobalSection(ProjectConfigurationPlatforms) = postSolution
		{15D0A4B8-2B93-49F1-910B-556A9760B2F5}.Debug|Any CPU.ActiveCfg = Debug|x86
		{15D0A4B8-2B93-49F1-910B-556A9760B2F5}.Debug|ARM.ActiveCfg = Debug|ARM
		{15D0A4B8-2B93-49F1-910B-556A9760B2F5}.Debug|ARM.Build.0 = Debug|ARM
		{15D0A4B8-2B93-49F1-910B-556A9760B2F5}.Debug|ARM.Deploy.0 = Debug|ARM
		{15D0A4B8-2B93-49F1-910B-556A9760B2F5}.Debug|x64.ActiveCfg = Debug|x64
		{15D0A4B8-2B93-49F1-910B-556A9760B2F5}.Debug|x64.Build.0 = Debug|x64
		{15D0A4B8-2B93-49F1-910B-556A9760B2F5}.Debug|x64.Deploy.0 = Debug|x64
		{15D0A4B8-2B93-49F1-910B-556A9760B2F5}.Debug|x86.ActiveCfg = Debug|x86
		{15D0A4B8-2B93-49F1-910B-556A9760B2F5}.Debug|x86.Build.0 = Debug|x86
		{15D0A4B8-2B93-49F1-910B-556A9760B2F5}.Debug|x86.Deploy.0 = Debug|x86
		{15D0A4B8-2B93-49F1-910B-556A9760B2F5}.Release|Any CPU.ActiveCfg = Release|x86
		{15D0A4B8-2B93-49F1-910B-556A9760B2F5}.Release|ARM.ActiveCfg = Release|ARM
		{15D0A4B8-2B93-49F1-910B-556A9760B2F5}.Release|ARM.Build.0 = Release|ARM
		{15D0A4B8-2B93-49F1-910B-556A9760B2F5}.Release|ARM.Deploy.0 = Release|ARM
		{15D0A4B8-2B93-49F1-910B-556A9760B2F5}.Release|x64.ActiveCfg = Release|x64
		{15D0A4B8-2B93-49F1-910B-556A9760B2F5}.Release|x64.Build.0 = Release|x64
		{15D0A4B8-2B93-49F1-910B-556A9760B2F5}.Release|x64.Deploy.0 = Release|x64
		{15D0A4B8-2B93-49F1-910B-556A9760B2F5}.Release|x86.ActiveCfg = Release|x86
		{15D0A4B8-2B93-49F1-910B-556A9760B2F5}.Release|x86.Build.0 = Release|x86
		{15D0A4B8-2B93-49F1-910B-556A9760B2F5}.Release|x86.Deploy.0 = Release|x86
		{F994E901-2201-48D1-9EDB-7D1D41B417A3}.Debug|Any CPU.ActiveCfg = Debug|Any CPU
		{F994E901-2201-48D1-9EDB-7D1D41B417A3}.Debug|Any CPU.Build.0 = Debug|Any CPU
		{F994E901-2201-48D1-9EDB-7D1D41B417A3}.Debug|ARM.ActiveCfg = Debug|Any CPU
		{F994E901-2201-48D1-9EDB-7D1D41B417A3}.Debug|ARM.Build.0 = Debug|Any CPU
		{F994E901-2201-48D1-9EDB-7D1D41B417A3}.Debug|x64.ActiveCfg = Debug|Any CPU
		{F994E901-2201-48D1-9EDB-7D1D41B417A3}.Debug|x64.Build.0 = Debug|Any CPU
		{F994E901-2201-48D1-9EDB-7D1D41B417A3}.Debug|x86.ActiveCfg = Debug|Any CPU
		{F994E901-2201-48D1-9EDB-7D1D41B417A3}.Debug|x86.Build.0 = Debug|Any CPU
		{F994E901-2201-48D1-9EDB-7D1D41B417A3}.Release|Any CPU.ActiveCfg = Release|Any CPU
		{F994E901-2201-48D1-9EDB-7D1D41B417A3}.Release|Any CPU.Build.0 = Release|Any CPU
		{F994E901-2201-48D1-9EDB-7D1D41B417A3}.Release|ARM.ActiveCfg = Release|Any CPU
		{F994E901-2201-48D1-9EDB-7D1D41B417A3}.Release|ARM.Build.0 = Release|Any CPU
		{F994E901-2201-48D1-9EDB-7D1D41B417A3}.Release|x64.ActiveCfg = Release|Any CPU
		{F994E901-2201-48D1-9EDB-7D1D41B417A3}.Release|x64.Build.0 = Release|Any CPU
		{F994E901-2201-48D1-9EDB-7D1D41B417A3}.Release|x86.ActiveCfg = Release|Any CPU
		{F994E901-2201-48D1-9EDB-7D1D41B417A3}.Release|x86.Build.0 = Release|Any CPU
		{C10687D6-DBFC-4043-9E01-F9A27EE60A16}.Debug|Any CPU.ActiveCfg = Debug|Any CPU
		{C10687D6-DBFC-4043-9E01-F9A27EE60A16}.Debug|Any CPU.Build.0 = Debug|Any CPU
		{C10687D6-DBFC-4043-9E01-F9A27EE60A16}.Debug|ARM.ActiveCfg = Debug|Any CPU
		{C10687D6-DBFC-4043-9E01-F9A27EE60A16}.Debug|ARM.Build.0 = Debug|Any CPU
		{C10687D6-DBFC-4043-9E01-F9A27EE60A16}.Debug|x64.ActiveCfg = Debug|Any CPU
		{C10687D6-DBFC-4043-9E01-F9A27EE60A16}.Debug|x64.Build.0 = Debug|Any CPU
		{C10687D6-DBFC-4043-9E01-F9A27EE60A16}.Debug|x86.ActiveCfg = Debug|Any CPU
		{C10687D6-DBFC-4043-9E01-F9A27EE60A16}.Debug|x86.Build.0 = Debug|Any CPU
		{C10687D6-DBFC-4043-9E01-F9A27EE60A16}.Release|Any CPU.ActiveCfg = Release|Any CPU
		{C10687D6-DBFC-4043-9E01-F9A27EE60A16}.Release|Any CPU.Build.0 = Release|Any CPU
		{C10687D6-DBFC-4043-9E01-F9A27EE60A16}.Release|ARM.ActiveCfg = Release|Any CPU
		{C10687D6-DBFC-4043-9E01-F9A27EE60A16}.Release|ARM.Build.0 = Release|Any CPU
		{C10687D6-DBFC-4043-9E01-F9A27EE60A16}.Release|x64.ActiveCfg = Release|Any CPU
		{C10687D6-DBFC-4043-9E01-F9A27EE60A16}.Release|x64.Build.0 = Release|Any CPU
		{C10687D6-DBFC-4043-9E01-F9A27EE60A16}.Release|x86.ActiveCfg = Release|Any CPU
		{C10687D6-DBFC-4043-9E01-F9A27EE60A16}.Release|x86.Build.0 = Release|Any CPU
		{3BAECD45-3461-467E-8308-C8368FCE5366}.Debug|Any CPU.ActiveCfg = Debug|Any CPU
		{3BAECD45-3461-467E-8308-C8368FCE5366}.Debug|Any CPU.Build.0 = Debug|Any CPU
		{3BAECD45-3461-467E-8308-C8368FCE5366}.Debug|ARM.ActiveCfg = Debug|Any CPU
		{3BAECD45-3461-467E-8308-C8368FCE5366}.Debug|ARM.Build.0 = Debug|Any CPU
		{3BAECD45-3461-467E-8308-C8368FCE5366}.Debug|x64.ActiveCfg = Debug|Any CPU
		{3BAECD45-3461-467E-8308-C8368FCE5366}.Debug|x64.Build.0 = Debug|Any CPU
		{3BAECD45-3461-467E-8308-C8368FCE5366}.Debug|x86.ActiveCfg = Debug|Any CPU
		{3BAECD45-3461-467E-8308-C8368FCE5366}.Debug|x86.Build.0 = Debug|Any CPU
		{3BAECD45-3461-467E-8308-C8368FCE5366}.Release|Any CPU.ActiveCfg = Release|Any CPU
		{3BAECD45-3461-467E-8308-C8368FCE5366}.Release|Any CPU.Build.0 = Release|Any CPU
		{3BAECD45-3461-467E-8308-C8368FCE5366}.Release|ARM.ActiveCfg = Release|Any CPU
		{3BAECD45-3461-467E-8308-C8368FCE5366}.Release|ARM.Build.0 = Release|Any CPU
		{3BAECD45-3461-467E-8308-C8368FCE5366}.Release|x64.ActiveCfg = Release|Any CPU
		{3BAECD45-3461-467E-8308-C8368FCE5366}.Release|x64.Build.0 = Release|Any CPU
		{3BAECD45-3461-467E-8308-C8368FCE5366}.Release|x86.ActiveCfg = Release|Any CPU
		{3BAECD45-3461-467E-8308-C8368FCE5366}.Release|x86.Build.0 = Release|Any CPU
		{B77DB4EB-5B81-4596-A5F1-07424306752A}.Debug|Any CPU.ActiveCfg = Debug|Any CPU
		{B77DB4EB-5B81-4596-A5F1-07424306752A}.Debug|Any CPU.Build.0 = Debug|Any CPU
		{B77DB4EB-5B81-4596-A5F1-07424306752A}.Debug|ARM.ActiveCfg = Debug|Any CPU
		{B77DB4EB-5B81-4596-A5F1-07424306752A}.Debug|ARM.Build.0 = Debug|Any CPU
		{B77DB4EB-5B81-4596-A5F1-07424306752A}.Debug|x64.ActiveCfg = Debug|Any CPU
		{B77DB4EB-5B81-4596-A5F1-07424306752A}.Debug|x64.Build.0 = Debug|Any CPU
		{B77DB4EB-5B81-4596-A5F1-07424306752A}.Debug|x86.ActiveCfg = Debug|Any CPU
		{B77DB4EB-5B81-4596-A5F1-07424306752A}.Debug|x86.Build.0 = Debug|Any CPU
		{B77DB4EB-5B81-4596-A5F1-07424306752A}.Release|Any CPU.ActiveCfg = Release|Any CPU
		{B77DB4EB-5B81-4596-A5F1-07424306752A}.Release|Any CPU.Build.0 = Release|Any CPU
		{B77DB4EB-5B81-4596-A5F1-07424306752A}.Release|ARM.ActiveCfg = Release|Any CPU
		{B77DB4EB-5B81-4596-A5F1-07424306752A}.Release|ARM.Build.0 = Release|Any CPU
		{B77DB4EB-5B81-4596-A5F1-07424306752A}.Release|x64.ActiveCfg = Release|Any CPU
		{B77DB4EB-5B81-4596-A5F1-07424306752A}.Release|x64.Build.0 = Release|Any CPU
		{B77DB4EB-5B81-4596-A5F1-07424306752A}.Release|x86.ActiveCfg = Release|Any CPU
		{B77DB4EB-5B81-4596-A5F1-07424306752A}.Release|x86.Build.0 = Release|Any CPU
		{6E21D5AF-3995-4F03-93F9-1B729C0842DD}.Debug|Any CPU.ActiveCfg = Debug|Any CPU
		{6E21D5AF-3995-4F03-93F9-1B729C0842DD}.Debug|Any CPU.Build.0 = Debug|Any CPU
		{6E21D5AF-3995-4F03-93F9-1B729C0842DD}.Debug|ARM.ActiveCfg = Debug|Any CPU
		{6E21D5AF-3995-4F03-93F9-1B729C0842DD}.Debug|ARM.Build.0 = Debug|Any CPU
		{6E21D5AF-3995-4F03-93F9-1B729C0842DD}.Debug|x64.ActiveCfg = Debug|Any CPU
		{6E21D5AF-3995-4F03-93F9-1B729C0842DD}.Debug|x64.Build.0 = Debug|Any CPU
		{6E21D5AF-3995-4F03-93F9-1B729C0842DD}.Debug|x86.ActiveCfg = Debug|Any CPU
		{6E21D5AF-3995-4F03-93F9-1B729C0842DD}.Debug|x86.Build.0 = Debug|Any CPU
		{6E21D5AF-3995-4F03-93F9-1B729C0842DD}.Release|Any CPU.ActiveCfg = Release|Any CPU
		{6E21D5AF-3995-4F03-93F9-1B729C0842DD}.Release|Any CPU.Build.0 = Release|Any CPU
		{6E21D5AF-3995-4F03-93F9-1B729C0842DD}.Release|ARM.ActiveCfg = Release|Any CPU
		{6E21D5AF-3995-4F03-93F9-1B729C0842DD}.Release|ARM.Build.0 = Release|Any CPU
		{6E21D5AF-3995-4F03-93F9-1B729C0842DD}.Release|x64.ActiveCfg = Release|Any CPU
		{6E21D5AF-3995-4F03-93F9-1B729C0842DD}.Release|x64.Build.0 = Release|Any CPU
		{6E21D5AF-3995-4F03-93F9-1B729C0842DD}.Release|x86.ActiveCfg = Release|Any CPU
		{6E21D5AF-3995-4F03-93F9-1B729C0842DD}.Release|x86.Build.0 = Release|Any CPU
		{50A98DDC-0363-49AA-A667-91AFB17AD236}.Debug|Any CPU.ActiveCfg = Debug|Any CPU
		{50A98DDC-0363-49AA-A667-91AFB17AD236}.Debug|Any CPU.Build.0 = Debug|Any CPU
		{50A98DDC-0363-49AA-A667-91AFB17AD236}.Debug|ARM.ActiveCfg = Debug|Any CPU
		{50A98DDC-0363-49AA-A667-91AFB17AD236}.Debug|ARM.Build.0 = Debug|Any CPU
		{50A98DDC-0363-49AA-A667-91AFB17AD236}.Debug|x64.ActiveCfg = Debug|Any CPU
		{50A98DDC-0363-49AA-A667-91AFB17AD236}.Debug|x64.Build.0 = Debug|Any CPU
		{50A98DDC-0363-49AA-A667-91AFB17AD236}.Debug|x86.ActiveCfg = Debug|Any CPU
		{50A98DDC-0363-49AA-A667-91AFB17AD236}.Debug|x86.Build.0 = Debug|Any CPU
		{50A98DDC-0363-49AA-A667-91AFB17AD236}.Release|Any CPU.ActiveCfg = Release|Any CPU
		{50A98DDC-0363-49AA-A667-91AFB17AD236}.Release|Any CPU.Build.0 = Release|Any CPU
		{50A98DDC-0363-49AA-A667-91AFB17AD236}.Release|ARM.ActiveCfg = Release|Any CPU
		{50A98DDC-0363-49AA-A667-91AFB17AD236}.Release|ARM.Build.0 = Release|Any CPU
		{50A98DDC-0363-49AA-A667-91AFB17AD236}.Release|x64.ActiveCfg = Release|Any CPU
		{50A98DDC-0363-49AA-A667-91AFB17AD236}.Release|x64.Build.0 = Release|Any CPU
		{50A98DDC-0363-49AA-A667-91AFB17AD236}.Release|x86.ActiveCfg = Release|Any CPU
		{50A98DDC-0363-49AA-A667-91AFB17AD236}.Release|x86.Build.0 = Release|Any CPU
		{307CA624-096D-4184-9D21-E83BDCD98D27}.Debug|Any CPU.ActiveCfg = Debug|Any CPU
		{307CA624-096D-4184-9D21-E83BDCD98D27}.Debug|Any CPU.Build.0 = Debug|Any CPU
		{307CA624-096D-4184-9D21-E83BDCD98D27}.Debug|ARM.ActiveCfg = Debug|Any CPU
		{307CA624-096D-4184-9D21-E83BDCD98D27}.Debug|ARM.Build.0 = Debug|Any CPU
		{307CA624-096D-4184-9D21-E83BDCD98D27}.Debug|x64.ActiveCfg = Debug|Any CPU
		{307CA624-096D-4184-9D21-E83BDCD98D27}.Debug|x64.Build.0 = Debug|Any CPU
		{307CA624-096D-4184-9D21-E83BDCD98D27}.Debug|x86.ActiveCfg = Debug|Any CPU
		{307CA624-096D-4184-9D21-E83BDCD98D27}.Debug|x86.Build.0 = Debug|Any CPU
		{307CA624-096D-4184-9D21-E83BDCD98D27}.Release|Any CPU.ActiveCfg = Release|Any CPU
		{307CA624-096D-4184-9D21-E83BDCD98D27}.Release|Any CPU.Build.0 = Release|Any CPU
		{307CA624-096D-4184-9D21-E83BDCD98D27}.Release|ARM.ActiveCfg = Release|Any CPU
		{307CA624-096D-4184-9D21-E83BDCD98D27}.Release|ARM.Build.0 = Release|Any CPU
		{307CA624-096D-4184-9D21-E83BDCD98D27}.Release|x64.ActiveCfg = Release|Any CPU
		{307CA624-096D-4184-9D21-E83BDCD98D27}.Release|x64.Build.0 = Release|Any CPU
		{307CA624-096D-4184-9D21-E83BDCD98D27}.Release|x86.ActiveCfg = Release|Any CPU
		{307CA624-096D-4184-9D21-E83BDCD98D27}.Release|x86.Build.0 = Release|Any CPU
		{649BFE9E-DE0A-4B08-B19F-FCB00F73B7D8}.Debug|Any CPU.ActiveCfg = Debug|Any CPU
		{649BFE9E-DE0A-4B08-B19F-FCB00F73B7D8}.Debug|Any CPU.Build.0 = Debug|Any CPU
		{649BFE9E-DE0A-4B08-B19F-FCB00F73B7D8}.Debug|ARM.ActiveCfg = Debug|Any CPU
		{649BFE9E-DE0A-4B08-B19F-FCB00F73B7D8}.Debug|ARM.Build.0 = Debug|Any CPU
		{649BFE9E-DE0A-4B08-B19F-FCB00F73B7D8}.Debug|x64.ActiveCfg = Debug|Any CPU
		{649BFE9E-DE0A-4B08-B19F-FCB00F73B7D8}.Debug|x64.Build.0 = Debug|Any CPU
		{649BFE9E-DE0A-4B08-B19F-FCB00F73B7D8}.Debug|x86.ActiveCfg = Debug|Any CPU
		{649BFE9E-DE0A-4B08-B19F-FCB00F73B7D8}.Debug|x86.Build.0 = Debug|Any CPU
		{649BFE9E-DE0A-4B08-B19F-FCB00F73B7D8}.Release|Any CPU.ActiveCfg = Release|Any CPU
		{649BFE9E-DE0A-4B08-B19F-FCB00F73B7D8}.Release|Any CPU.Build.0 = Release|Any CPU
		{649BFE9E-DE0A-4B08-B19F-FCB00F73B7D8}.Release|ARM.ActiveCfg = Release|Any CPU
		{649BFE9E-DE0A-4B08-B19F-FCB00F73B7D8}.Release|ARM.Build.0 = Release|Any CPU
		{649BFE9E-DE0A-4B08-B19F-FCB00F73B7D8}.Release|x64.ActiveCfg = Release|Any CPU
		{649BFE9E-DE0A-4B08-B19F-FCB00F73B7D8}.Release|x64.Build.0 = Release|Any CPU
		{649BFE9E-DE0A-4B08-B19F-FCB00F73B7D8}.Release|x86.ActiveCfg = Release|Any CPU
		{649BFE9E-DE0A-4B08-B19F-FCB00F73B7D8}.Release|x86.Build.0 = Release|Any CPU
	EndGlobalSection
	GlobalSection(SolutionProperties) = preSolution
		HideSolutionNode = FALSE
	EndGlobalSection
EndGlobal
